
Microsoft Visual Studio Solution File, Format Version 12.00
# Visual Studio Version 17
VisualStudioVersion = 17.2.32630.192
MinimumVisualStudioVersion = 10.0.40219.1
Project("{FAE04EC0-301F-11D3-BF4B-00C04F79EFBC}") = "Hometask4-patterns", "Hometask4-patterns\Hometask4-patterns.csproj", "{1CBA788B-A1FD-4F83-83F0-5BC13EFB45D0}"
EndProject
Global
	GlobalSection(SolutionConfigurationPlatforms) = preSolution
		Debug|Any CPU = Debug|Any CPU
		Release|Any CPU = Release|Any CPU
	EndGlobalSection
	GlobalSection(ProjectConfigurationPlatforms) = postSolution
		{1CBA788B-A1FD-4F83-83F0-5BC13EFB45D0}.Debug|Any CPU.ActiveCfg = Debug|Any CPU
		{1CBA788B-A1FD-4F83-83F0-5BC13EFB45D0}.Debug|Any CPU.Build.0 = Debug|Any CPU
		{1CBA788B-A1FD-4F83-83F0-5BC13EFB45D0}.Release|Any CPU.ActiveCfg = Release|Any CPU
		{1CBA788B-A1FD-4F83-83F0-5BC13EFB45D0}.Release|Any CPU.Build.0 = Release|Any CPU
	EndGlobalSection
	GlobalSection(SolutionProperties) = preSolution
		HideSolutionNode = FALSE
	EndGlobalSection
	GlobalSection(ExtensibilityGlobals) = postSolution
		SolutionGuid = {CB555D7D-D429-44DC-AF7B-BC534CD2AD5F}
	EndGlobalSection
EndGlobal
